
Microsoft Visual Studio Solution File, Format Version 12.00
# Visual Studio 15
VisualStudioVersion = 15.0.27130.0
MinimumVisualStudioVersion = 10.0.40219.1
Project("{FAE04EC0-301F-11D3-BF4B-00C04F79EFBC}") = "App2.Android", "App2\App2.Android\App2.Android.csproj", "{19B7AFEE-8869-4FA6-8CC9-8F6060203B31}"
EndProject
Project("{FAE04EC0-301F-11D3-BF4B-00C04F79EFBC}") = "App2.iOS", "App2\App2.iOS\App2.iOS.csproj", "{037BE84C-4FC5-4670-BDAC-C94AF2D67C1B}"
EndProject
Project("{FAE04EC0-301F-11D3-BF4B-00C04F79EFBC}") = "App2.UWP", "App2\App2.UWP\App2.UWP.csproj", "{B0292B44-AF8C-49D0-A53F-2B5C2DFD07AF}"
EndProject
Project("{FAE04EC0-301F-11D3-BF4B-00C04F79EFBC}") = "App2", "App2\App2\App2.csproj", "{DBB15B6C-5272-45EB-B6F9-9F18F39A4A3D}"
EndProject
Global
	GlobalSection(SolutionConfigurationPlatforms) = preSolution
		Ad-Hoc|Any CPU = Ad-Hoc|Any CPU
		Ad-Hoc|ARM = Ad-Hoc|ARM
		Ad-Hoc|iPhone = Ad-Hoc|iPhone
		Ad-Hoc|iPhoneSimulator = Ad-Hoc|iPhoneSimulator
		Ad-Hoc|x64 = Ad-Hoc|x64
		Ad-Hoc|x86 = Ad-Hoc|x86
		AppStore|Any CPU = AppStore|Any CPU
		AppStore|ARM = AppStore|ARM
		AppStore|iPhone = AppStore|iPhone
		AppStore|iPhoneSimulator = AppStore|iPhoneSimulator
		AppStore|x64 = AppStore|x64
		AppStore|x86 = AppStore|x86
		Debug|Any CPU = Debug|Any CPU
		Debug|ARM = Debug|ARM
		Debug|iPhone = Debug|iPhone
		Debug|iPhoneSimulator = Debug|iPhoneSimulator
		Debug|x64 = Debug|x64
		Debug|x86 = Debug|x86
		Release|Any CPU = Release|Any CPU
		Release|ARM = Release|ARM
		Release|iPhone = Release|iPhone
		Release|iPhoneSimulator = Release|iPhoneSimulator
		Release|x64 = Release|x64
		Release|x86 = Release|x86
	EndGlobalSection
	GlobalSection(ProjectConfigurationPlatforms) = postSolution
		{19B7AFEE-8869-4FA6-8CC9-8F6060203B31}.Ad-Hoc|Any CPU.ActiveCfg = Release|Any CPU
		{19B7AFEE-8869-4FA6-8CC9-8F6060203B31}.Ad-Hoc|Any CPU.Build.0 = Release|Any CPU
		{19B7AFEE-8869-4FA6-8CC9-8F6060203B31}.Ad-Hoc|Any CPU.Deploy.0 = Release|Any CPU
		{19B7AFEE-8869-4FA6-8CC9-8F6060203B31}.Ad-Hoc|ARM.ActiveCfg = Release|Any CPU
		{19B7AFEE-8869-4FA6-8CC9-8F6060203B31}.Ad-Hoc|ARM.Build.0 = Release|Any CPU
		{19B7AFEE-8869-4FA6-8CC9-8F6060203B31}.Ad-Hoc|ARM.Deploy.0 = Release|Any CPU
		{19B7AFEE-8869-4FA6-8CC9-8F6060203B31}.Ad-Hoc|iPhone.ActiveCfg = Release|Any CPU
		{19B7AFEE-8869-4FA6-8CC9-8F6060203B31}.Ad-Hoc|iPhone.Build.0 = Release|Any CPU
		{19B7AFEE-8869-4FA6-8CC9-8F6060203B31}.Ad-Hoc|iPhone.Deploy.0 = Release|Any CPU
		{19B7AFEE-8869-4FA6-8CC9-8F6060203B31}.Ad-Hoc|iPhoneSimulator.ActiveCfg = Release|Any CPU
		{19B7AFEE-8869-4FA6-8CC9-8F6060203B31}.Ad-Hoc|iPhoneSimulator.Build.0 = Release|Any CPU
		{19B7AFEE-8869-4FA6-8CC9-8F6060203B31}.Ad-Hoc|iPhoneSimulator.Deploy.0 = Release|Any CPU
		{19B7AFEE-8869-4FA6-8CC9-8F6060203B31}.Ad-Hoc|x64.ActiveCfg = Release|Any CPU
		{19B7AFEE-8869-4FA6-8CC9-8F6060203B31}.Ad-Hoc|x64.Build.0 = Release|Any CPU
		{19B7AFEE-8869-4FA6-8CC9-8F6060203B31}.Ad-Hoc|x64.Deploy.0 = Release|Any CPU
		{19B7AFEE-8869-4FA6-8CC9-8F6060203B31}.Ad-Hoc|x86.ActiveCfg = Release|Any CPU
		{19B7AFEE-8869-4FA6-8CC9-8F6060203B31}.Ad-Hoc|x86.Build.0 = Release|Any CPU
		{19B7AFEE-8869-4FA6-8CC9-8F6060203B31}.Ad-Hoc|x86.Deploy.0 = Release|Any CPU
		{19B7AFEE-8869-4FA6-8CC9-8F6060203B31}.AppStore|Any CPU.ActiveCfg = Release|Any CPU
		{19B7AFEE-8869-4FA6-8CC9-8F6060203B31}.AppStore|Any CPU.Build.0 = Release|Any CPU
		{19B7AFEE-8869-4FA6-8CC9-8F6060203B31}.AppStore|Any CPU.Deploy.0 = Release|Any CPU
		{19B7AFEE-8869-4FA6-8CC9-8F6060203B31}.AppStore|ARM.ActiveCfg = Release|Any CPU
		{19B7AFEE-8869-4FA6-8CC9-8F6060203B31}.AppStore|ARM.Build.0 = Release|Any CPU
		{19B7AFEE-8869-4FA6-8CC9-8F6060203B31}.AppStore|ARM.Deploy.0 = Release|Any CPU
		{19B7AFEE-8869-4FA6-8CC9-8F6060203B31}.AppStore|iPhone.ActiveCfg = Release|Any CPU
		{19B7AFEE-8869-4FA6-8CC9-8F6060203B31}.AppStore|iPhone.Build.0 = Release|Any CPU
		{19B7AFEE-8869-4FA6-8CC9-8F6060203B31}.AppStore|iPhone.Deploy.0 = Release|Any CPU
		{19B7AFEE-8869-4FA6-8CC9-8F6060203B31}.AppStore|iPhoneSimulator.ActiveCfg = Release|Any CPU
		{19B7AFEE-8869-4FA6-8CC9-8F6060203B31}.AppStore|iPhoneSimulator.Build.0 = Release|Any CPU
		{19B7AFEE-8869-4FA6-8CC9-8F6060203B31}.AppStore|iPhoneSimulator.Deploy.0 = Release|Any CPU
		{19B7AFEE-8869-4FA6-8CC9-8F6060203B31}.AppStore|x64.ActiveCfg = Release|Any CPU
		{19B7AFEE-8869-4FA6-8CC9-8F6060203B31}.AppStore|x64.Build.0 = Release|Any CPU
		{19B7AFEE-8869-4FA6-8CC9-8F6060203B31}.AppStore|x64.Deploy.0 = Release|Any CPU
		{19B7AFEE-8869-4FA6-8CC9-8F6060203B31}.AppStore|x86.ActiveCfg = Release|Any CPU
		{19B7AFEE-8869-4FA6-8CC9-8F6060203B31}.AppStore|x86.Build.0 = Release|Any CPU
		{19B7AFEE-8869-4FA6-8CC9-8F6060203B31}.AppStore|x86.Deploy.0 = Release|Any CPU
		{19B7AFEE-8869-4FA6-8CC9-8F6060203B31}.Debug|Any CPU.ActiveCfg = Debug|Any CPU
		{19B7AFEE-8869-4FA6-8CC9-8F6060203B31}.Debug|Any CPU.Build.0 = Debug|Any CPU
		{19B7AFEE-8869-4FA6-8CC9-8F6060203B31}.Debug|Any CPU.Deploy.0 = Debug|Any CPU
		{19B7AFEE-8869-4FA6-8CC9-8F6060203B31}.Debug|ARM.ActiveCfg = Debug|Any CPU
		{19B7AFEE-8869-4FA6-8CC9-8F6060203B31}.Debug|ARM.Build.0 = Debug|Any CPU
		{19B7AFEE-8869-4FA6-8CC9-8F6060203B31}.Debug|ARM.Deploy.0 = Debug|Any CPU
		{19B7AFEE-8869-4FA6-8CC9-8F6060203B31}.Debug|iPhone.ActiveCfg = Debug|Any CPU
		{19B7AFEE-8869-4FA6-8CC9-8F6060203B31}.Debug|iPhone.Build.0 = Debug|Any CPU
		{19B7AFEE-8869-4FA6-8CC9-8F6060203B31}.Debug|iPhone.Deploy.0 = Debug|Any CPU
		{19B7AFEE-8869-4FA6-8CC9-8F6060203B31}.Debug|iPhoneSimulator.ActiveCfg = Debug|Any CPU
		{19B7AFEE-8869-4FA6-8CC9-8F6060203B31}.Debug|iPhoneSimulator.Build.0 = Debug|Any CPU
		{19B7AFEE-8869-4FA6-8CC9-8F6060203B31}.Debug|iPhoneSimulator.Deploy.0 = Debug|Any CPU
		{19B7AFEE-8869-4FA6-8CC9-8F6060203B31}.Debug|x64.ActiveCfg = Debug|Any CPU
		{19B7AFEE-8869-4FA6-8CC9-8F6060203B31}.Debug|x64.Build.0 = Debug|Any CPU
		{19B7AFEE-8869-4FA6-8CC9-8F6060203B31}.Debug|x64.Deploy.0 = Debug|Any CPU
		{19B7AFEE-8869-4FA6-8CC9-8F6060203B31}.Debug|x86.ActiveCfg = Debug|Any CPU
		{19B7AFEE-8869-4FA6-8CC9-8F6060203B31}.Debug|x86.Build.0 = Debug|Any CPU
		{19B7AFEE-8869-4FA6-8CC9-8F6060203B31}.Debug|x86.Deploy.0 = Debug|Any CPU
		{19B7AFEE-8869-4FA6-8CC9-8F6060203B31}.Release|Any CPU.ActiveCfg = Release|Any CPU
		{19B7AFEE-8869-4FA6-8CC9-8F6060203B31}.Release|Any CPU.Build.0 = Release|Any CPU
		{19B7AFEE-8869-4FA6-8CC9-8F6060203B31}.Release|Any CPU.Deploy.0 = Release|Any CPU
		{19B7AFEE-8869-4FA6-8CC9-8F6060203B31}.Release|ARM.ActiveCfg = Release|Any CPU
		{19B7AFEE-8869-4FA6-8CC9-8F6060203B31}.Release|ARM.Build.0 = Release|Any CPU
		{19B7AFEE-8869-4FA6-8CC9-8F6060203B31}.Release|ARM.Deploy.0 = Release|Any CPU
		{19B7AFEE-8869-4FA6-8CC9-8F6060203B31}.Release|iPhone.ActiveCfg = Release|Any CPU
		{19B7AFEE-8869-4FA6-8CC9-8F6060203B31}.Release|iPhone.Build.0 = Release|Any CPU
		{19B7AFEE-8869-4FA6-8CC9-8F6060203B31}.Release|iPhone.Deploy.0 = Release|Any CPU
		{19B7AFEE-8869-4FA6-8CC9-8F6060203B31}.Release|iPhoneSimulator.ActiveCfg = Release|Any CPU
		{19B7AFEE-8869-4FA6-8CC9-8F6060203B31}.Release|iPhoneSimulator.Build.0 = Release|Any CPU
		{19B7AFEE-8869-4FA6-8CC9-8F6060203B31}.Release|iPhoneSimulator.Deploy.0 = Release|Any CPU
		{19B7AFEE-8869-4FA6-8CC9-8F6060203B31}.Release|x64.ActiveCfg = Release|Any CPU
		{19B7AFEE-8869-4FA6-8CC9-8F6060203B31}.Release|x64.Build.0 = Release|Any CPU
		{19B7AFEE-8869-4FA6-8CC9-8F6060203B31}.Release|x64.Deploy.0 = Release|Any CPU
		{19B7AFEE-8869-4FA6-8CC9-8F6060203B31}.Release|x86.ActiveCfg = Release|Any CPU
		{19B7AFEE-8869-4FA6-8CC9-8F6060203B31}.Release|x86.Build.0 = Release|Any CPU
		{19B7AFEE-8869-4FA6-8CC9-8F6060203B31}.Release|x86.Deploy.0 = Release|Any CPU
		{037BE84C-4FC5-4670-BDAC-C94AF2D67C1B}.Ad-Hoc|Any CPU.ActiveCfg = Ad-Hoc|iPhone
		{037BE84C-4FC5-4670-BDAC-C94AF2D67C1B}.Ad-Hoc|ARM.ActiveCfg = Ad-Hoc|iPhone
		{037BE84C-4FC5-4670-BDAC-C94AF2D67C1B}.Ad-Hoc|iPhone.ActiveCfg = Ad-Hoc|iPhone
		{037BE84C-4FC5-4670-BDAC-C94AF2D67C1B}.Ad-Hoc|iPhone.Build.0 = Ad-Hoc|iPhone
		{037BE84C-4FC5-4670-BDAC-C94AF2D67C1B}.Ad-Hoc|iPhoneSimulator.ActiveCfg = Ad-Hoc|iPhoneSimulator
		{037BE84C-4FC5-4670-BDAC-C94AF2D67C1B}.Ad-Hoc|iPhoneSimulator.Build.0 = Ad-Hoc|iPhoneSimulator
		{037BE84C-4FC5-4670-BDAC-C94AF2D67C1B}.Ad-Hoc|x64.ActiveCfg = Ad-Hoc|iPhone
		{037BE84C-4FC5-4670-BDAC-C94AF2D67C1B}.Ad-Hoc|x86.ActiveCfg = Ad-Hoc|iPhone
		{037BE84C-4FC5-4670-BDAC-C94AF2D67C1B}.AppStore|Any CPU.ActiveCfg = AppStore|iPhone
		{037BE84C-4FC5-4670-BDAC-C94AF2D67C1B}.AppStore|ARM.ActiveCfg = AppStore|iPhone
		{037BE84C-4FC5-4670-BDAC-C94AF2D67C1B}.AppStore|iPhone.ActiveCfg = AppStore|iPhone
		{037BE84C-4FC5-4670-BDAC-C94AF2D67C1B}.AppStore|iPhone.Build.0 = AppStore|iPhone
		{037BE84C-4FC5-4670-BDAC-C94AF2D67C1B}.AppStore|iPhoneSimulator.ActiveCfg = AppStore|iPhoneSimulator
		{037BE84C-4FC5-4670-BDAC-C94AF2D67C1B}.AppStore|iPhoneSimulator.Build.0 = AppStore|iPhoneSimulator
		{037BE84C-4FC5-4670-BDAC-C94AF2D67C1B}.AppStore|x64.ActiveCfg = AppStore|iPhone
		{037BE84C-4FC5-4670-BDAC-C94AF2D67C1B}.AppStore|x86.ActiveCfg = AppStore|iPhone
		{037BE84C-4FC5-4670-BDAC-C94AF2D67C1B}.Debug|Any CPU.ActiveCfg = Debug|iPhone
		{037BE84C-4FC5-4670-BDAC-C94AF2D67C1B}.Debug|ARM.ActiveCfg = Debug|iPhone
		{037BE84C-4FC5-4670-BDAC-C94AF2D67C1B}.Debug|iPhone.ActiveCfg = Debug|iPhone
		{037BE84C-4FC5-4670-BDAC-C94AF2D67C1B}.Debug|iPhone.Build.0 = Debug|iPhone
		{037BE84C-4FC5-4670-BDAC-C94AF2D67C1B}.Debug|iPhoneSimulator.ActiveCfg = Debug|iPhoneSimulator
		{037BE84C-4FC5-4670-BDAC-C94AF2D67C1B}.Debug|iPhoneSimulator.Build.0 = Debug|iPhoneSimulator
		{037BE84C-4FC5-4670-BDAC-C94AF2D67C1B}.Debug|x64.ActiveCfg = Debug|iPhone
		{037BE84C-4FC5-4670-BDAC-C94AF2D67C1B}.Debug|x86.ActiveCfg = Debug|iPhone
		{037BE84C-4FC5-4670-BDAC-C94AF2D67C1B}.Release|Any CPU.ActiveCfg = Release|iPhone
		{037BE84C-4FC5-4670-BDAC-C94AF2D67C1B}.Release|ARM.ActiveCfg = Release|iPhone
		{037BE84C-4FC5-4670-BDAC-C94AF2D67C1B}.Release|iPhone.ActiveCfg = Release|iPhone
		{037BE84C-4FC5-4670-BDAC-C94AF2D67C1B}.Release|iPhone.Build.0 = Release|iPhone
		{037BE84C-4FC5-4670-BDAC-C94AF2D67C1B}.Release|iPhoneSimulator.ActiveCfg = Release|iPhoneSimulator
		{037BE84C-4FC5-4670-BDAC-C94AF2D67C1B}.Release|iPhoneSimulator.Build.0 = Release|iPhoneSimulator
		{037BE84C-4FC5-4670-BDAC-C94AF2D67C1B}.Release|x64.ActiveCfg = Release|iPhone
		{037BE84C-4FC5-4670-BDAC-C94AF2D67C1B}.Release|x86.ActiveCfg = Release|iPhone
		{B0292B44-AF8C-49D0-A53F-2B5C2DFD07AF}.Ad-Hoc|Any CPU.ActiveCfg = Release|x86
		{B0292B44-AF8C-49D0-A53F-2B5C2DFD07AF}.Ad-Hoc|Any CPU.Build.0 = Release|x86
		{B0292B44-AF8C-49D0-A53F-2B5C2DFD07AF}.Ad-Hoc|Any CPU.Deploy.0 = Release|x86
		{B0292B44-AF8C-49D0-A53F-2B5C2DFD07AF}.Ad-Hoc|ARM.ActiveCfg = Release|ARM
		{B0292B44-AF8C-49D0-A53F-2B5C2DFD07AF}.Ad-Hoc|ARM.Build.0 = Release|ARM
		{B0292B44-AF8C-49D0-A53F-2B5C2DFD07AF}.Ad-Hoc|ARM.Deploy.0 = Release|ARM
		{B0292B44-AF8C-49D0-A53F-2B5C2DFD07AF}.Ad-Hoc|iPhone.ActiveCfg = Release|x86
		{B0292B44-AF8C-49D0-A53F-2B5C2DFD07AF}.Ad-Hoc|iPhone.Build.0 = Release|x86
		{B0292B44-AF8C-49D0-A53F-2B5C2DFD07AF}.Ad-Hoc|iPhone.Deploy.0 = Release|x86
		{B0292B44-AF8C-49D0-A53F-2B5C2DFD07AF}.Ad-Hoc|iPhoneSimulator.ActiveCfg = Release|x86
		{B0292B44-AF8C-49D0-A53F-2B5C2DFD07AF}.Ad-Hoc|iPhoneSimulator.Build.0 = Release|x86
		{B0292B44-AF8C-49D0-A53F-2B5C2DFD07AF}.Ad-Hoc|iPhoneSimulator.Deploy.0 = Release|x86
		{B0292B44-AF8C-49D0-A53F-2B5C2DFD07AF}.Ad-Hoc|x64.ActiveCfg = Release|x64
		{B0292B44-AF8C-49D0-A53F-2B5C2DFD07AF}.Ad-Hoc|x64.Build.0 = Release|x64
		{B0292B44-AF8C-49D0-A53F-2B5C2DFD07AF}.Ad-Hoc|x64.Deploy.0 = Release|x64
		{B0292B44-AF8C-49D0-A53F-2B5C2DFD07AF}.Ad-Hoc|x86.ActiveCfg = Release|x86
		{B0292B44-AF8C-49D0-A53F-2B5C2DFD07AF}.Ad-Hoc|x86.Build.0 = Release|x86
		{B0292B44-AF8C-49D0-A53F-2B5C2DFD07AF}.Ad-Hoc|x86.Deploy.0 = Release|x86
		{B0292B44-AF8C-49D0-A53F-2B5C2DFD07AF}.AppStore|Any CPU.ActiveCfg = Release|x86
		{B0292B44-AF8C-49D0-A53F-2B5C2DFD07AF}.AppStore|Any CPU.Build.0 = Release|x86
		{B0292B44-AF8C-49D0-A53F-2B5C2DFD07AF}.AppStore|Any CPU.Deploy.0 = Release|x86
		{B0292B44-AF8C-49D0-A53F-2B5C2DFD07AF}.AppStore|ARM.ActiveCfg = Release|ARM
		{B0292B44-AF8C-49D0-A53F-2B5C2DFD07AF}.AppStore|ARM.Build.0 = Release|ARM
		{B0292B44-AF8C-49D0-A53F-2B5C2DFD07AF}.AppStore|ARM.Deploy.0 = Release|ARM
		{B0292B44-AF8C-49D0-A53F-2B5C2DFD07AF}.AppStore|iPhone.ActiveCfg = Release|x86
		{B0292B44-AF8C-49D0-A53F-2B5C2DFD07AF}.AppStore|iPhone.Build.0 = Release|x86
		{B0292B44-AF8C-49D0-A53F-2B5C2DFD07AF}.AppStore|iPhone.Deploy.0 = Release|x86
		{B0292B44-AF8C-49D0-A53F-2B5C2DFD07AF}.AppStore|iPhoneSimulator.ActiveCfg = Release|x86
		{B0292B44-AF8C-49D0-A53F-2B5C2DFD07AF}.AppStore|iPhoneSimulator.Build.0 = Release|x86
		{B0292B44-AF8C-49D0-A53F-2B5C2DFD07AF}.AppStore|iPhoneSimulator.Deploy.0 = Release|x86
		{B0292B44-AF8C-49D0-A53F-2B5C2DFD07AF}.AppStore|x64.ActiveCfg = Release|x64
		{B0292B44-AF8C-49D0-A53F-2B5C2DFD07AF}.AppStore|x64.Build.0 = Release|x64
		{B0292B44-AF8C-49D0-A53F-2B5C2DFD07AF}.AppStore|x64.Deploy.0 = Release|x64
		{B0292B44-AF8C-49D0-A53F-2B5C2DFD07AF}.AppStore|x86.ActiveCfg = Release|x86
		{B0292B44-AF8C-49D0-A53F-2B5C2DFD07AF}.AppStore|x86.Build.0 = Release|x86
		{B0292B44-AF8C-49D0-A53F-2B5C2DFD07AF}.AppStore|x86.Deploy.0 = Release|x86
		{B0292B44-AF8C-49D0-A53F-2B5C2DFD07AF}.Debug|Any CPU.ActiveCfg = Debug|x86
		{B0292B44-AF8C-49D0-A53F-2B5C2DFD07AF}.Debug|ARM.ActiveCfg = Debug|ARM
		{B0292B44-AF8C-49D0-A53F-2B5C2DFD07AF}.Debug|ARM.Build.0 = Debug|ARM
		{B0292B44-AF8C-49D0-A53F-2B5C2DFD07AF}.Debug|ARM.Deploy.0 = Debug|ARM
		{B0292B44-AF8C-49D0-A53F-2B5C2DFD07AF}.Debug|iPhone.ActiveCfg = Debug|x86
		{B0292B44-AF8C-49D0-A53F-2B5C2DFD07AF}.Debug|iPhoneSimulator.ActiveCfg = Debug|x86
		{B0292B44-AF8C-49D0-A53F-2B5C2DFD07AF}.Debug|x64.ActiveCfg = Debug|x64
		{B0292B44-AF8C-49D0-A53F-2B5C2DFD07AF}.Debug|x64.Build.0 = Debug|x64
		{B0292B44-AF8C-49D0-A53F-2B5C2DFD07AF}.Debug|x64.Deploy.0 = Debug|x64
		{B0292B44-AF8C-49D0-A53F-2B5C2DFD07AF}.Debug|x86.ActiveCfg = Debug|x86
		{B0292B44-AF8C-49D0-A53F-2B5C2DFD07AF}.Debug|x86.Build.0 = Debug|x86
		{B0292B44-AF8C-49D0-A53F-2B5C2DFD07AF}.Debug|x86.Deploy.0 = Debug|x86
		{B0292B44-AF8C-49D0-A53F-2B5C2DFD07AF}.Release|Any CPU.ActiveCfg = Release|x86
		{B0292B44-AF8C-49D0-A53F-2B5C2DFD07AF}.Release|ARM.ActiveCfg = Release|ARM
		{B0292B44-AF8C-49D0-A53F-2B5C2DFD07AF}.Release|ARM.Build.0 = Release|ARM
		{B0292B44-AF8C-49D0-A53F-2B5C2DFD07AF}.Release|ARM.Deploy.0 = Release|ARM
		{B0292B44-AF8C-49D0-A53F-2B5C2DFD07AF}.Release|iPhone.ActiveCfg = Release|x86
		{B0292B44-AF8C-49D0-A53F-2B5C2DFD07AF}.Release|iPhoneSimulator.ActiveCfg = Release|x86
		{B0292B44-AF8C-49D0-A53F-2B5C2DFD07AF}.Release|x64.ActiveCfg = Release|x64
		{B0292B44-AF8C-49D0-A53F-2B5C2DFD07AF}.Release|x64.Build.0 = Release|x64
		{B0292B44-AF8C-49D0-A53F-2B5C2DFD07AF}.Release|x64.Deploy.0 = Release|x64
		{B0292B44-AF8C-49D0-A53F-2B5C2DFD07AF}.Release|x86.ActiveCfg = Release|x86
		{B0292B44-AF8C-49D0-A53F-2B5C2DFD07AF}.Release|x86.Build.0 = Release|x86
		{B0292B44-AF8C-49D0-A53F-2B5C2DFD07AF}.Release|x86.Deploy.0 = Release|x86
		{DBB15B6C-5272-45EB-B6F9-9F18F39A4A3D}.Ad-Hoc|Any CPU.ActiveCfg = Debug|Any CPU
		{DBB15B6C-5272-45EB-B6F9-9F18F39A4A3D}.Ad-Hoc|Any CPU.Build.0 = Debug|Any CPU
		{DBB15B6C-5272-45EB-B6F9-9F18F39A4A3D}.Ad-Hoc|ARM.ActiveCfg = Debug|Any CPU
		{DBB15B6C-5272-45EB-B6F9-9F18F39A4A3D}.Ad-Hoc|ARM.Build.0 = Debug|Any CPU
		{DBB15B6C-5272-45EB-B6F9-9F18F39A4A3D}.Ad-Hoc|iPhone.ActiveCfg = Debug|Any CPU
		{DBB15B6C-5272-45EB-B6F9-9F18F39A4A3D}.Ad-Hoc|iPhone.Build.0 = Debug|Any CPU
		{DBB15B6C-5272-45EB-B6F9-9F18F39A4A3D}.Ad-Hoc|iPhoneSimulator.ActiveCfg = Debug|Any CPU
		{DBB15B6C-5272-45EB-B6F9-9F18F39A4A3D}.Ad-Hoc|iPhoneSimulator.Build.0 = Debug|Any CPU
		{DBB15B6C-5272-45EB-B6F9-9F18F39A4A3D}.Ad-Hoc|x64.ActiveCfg = Debug|Any CPU
		{DBB15B6C-5272-45EB-B6F9-9F18F39A4A3D}.Ad-Hoc|x64.Build.0 = Debug|Any CPU
		{DBB15B6C-5272-45EB-B6F9-9F18F39A4A3D}.Ad-Hoc|x86.ActiveCfg = Debug|Any CPU
		{DBB15B6C-5272-45EB-B6F9-9F18F39A4A3D}.Ad-Hoc|x86.Build.0 = Debug|Any CPU
		{DBB15B6C-5272-45EB-B6F9-9F18F39A4A3D}.AppStore|Any CPU.ActiveCfg = Debug|Any CPU
		{DBB15B6C-5272-45EB-B6F9-9F18F39A4A3D}.AppStore|Any CPU.Build.0 = Debug|Any CPU
		{DBB15B6C-5272-45EB-B6F9-9F18F39A4A3D}.AppStore|ARM.ActiveCfg = Debug|Any CPU
		{DBB15B6C-5272-45EB-B6F9-9F18F39A4A3D}.AppStore|ARM.Build.0 = Debug|Any CPU
		{DBB15B6C-5272-45EB-B6F9-9F18F39A4A3D}.AppStore|iPhone.ActiveCfg = Debug|Any CPU
		{DBB15B6C-5272-45EB-B6F9-9F18F39A4A3D}.AppStore|iPhone.Build.0 = Debug|Any CPU
		{DBB15B6C-5272-45EB-B6F9-9F18F39A4A3D}.AppStore|iPhoneSimulator.ActiveCfg = Debug|Any CPU
		{DBB15B6C-5272-45EB-B6F9-9F18F39A4A3D}.AppStore|iPhoneSimulator.Build.0 = Debug|Any CPU
		{DBB15B6C-5272-45EB-B6F9-9F18F39A4A3D}.AppStore|x64.ActiveCfg = Debug|Any CPU
		{DBB15B6C-5272-45EB-B6F9-9F18F39A4A3D}.AppStore|x64.Build.0 = Debug|Any CPU
		{DBB15B6C-5272-45EB-B6F9-9F18F39A4A3D}.AppStore|x86.ActiveCfg = Debug|Any CPU
		{DBB15B6C-5272-45EB-B6F9-9F18F39A4A3D}.AppStore|x86.Build.0 = Debug|Any CPU
		{DBB15B6C-5272-45EB-B6F9-9F18F39A4A3D}.Debug|Any CPU.ActiveCfg = Debug|Any CPU
		{DBB15B6C-5272-45EB-B6F9-9F18F39A4A3D}.Debug|Any CPU.Build.0 = Debug|Any CPU
		{DBB15B6C-5272-45EB-B6F9-9F18F39A4A3D}.Debug|ARM.ActiveCfg = Debug|Any CPU
		{DBB15B6C-5272-45EB-B6F9-9F18F39A4A3D}.Debug|ARM.Build.0 = Debug|Any CPU
		{DBB15B6C-5272-45EB-B6F9-9F18F39A4A3D}.Debug|iPhone.ActiveCfg = Debug|Any CPU
		{DBB15B6C-5272-45EB-B6F9-9F18F39A4A3D}.Debug|iPhone.Build.0 = Debug|Any CPU
		{DBB15B6C-5272-45EB-B6F9-9F18F39A4A3D}.Debug|iPhoneSimulator.ActiveCfg = Debug|Any CPU
		{DBB15B6C-5272-45EB-B6F9-9F18F39A4A3D}.Debug|iPhoneSimulator.Build.0 = Debug|Any CPU
		{DBB15B6C-5272-45EB-B6F9-9F18F39A4A3D}.Debug|x64.ActiveCfg = Debug|Any CPU
		{DBB15B6C-5272-45EB-B6F9-9F18F39A4A3D}.Debug|x64.Build.0 = Debug|Any CPU
		{DBB15B6C-5272-45EB-B6F9-9F18F39A4A3D}.Debug|x86.ActiveCfg = Debug|Any CPU
		{DBB15B6C-5272-45EB-B6F9-9F18F39A4A3D}.Debug|x86.Build.0 = Debug|Any CPU
		{DBB15B6C-5272-45EB-B6F9-9F18F39A4A3D}.Release|Any CPU.ActiveCfg = Release|Any CPU
		{DBB15B6C-5272-45EB-B6F9-9F18F39A4A3D}.Release|Any CPU.Build.0 = Release|Any CPU
		{DBB15B6C-5272-45EB-B6F9-9F18F39A4A3D}.Release|ARM.ActiveCfg = Release|Any CPU
		{DBB15B6C-5272-45EB-B6F9-9F18F39A4A3D}.Release|ARM.Build.0 = Release|Any CPU
		{DBB15B6C-5272-45EB-B6F9-9F18F39A4A3D}.Release|iPhone.ActiveCfg = Release|Any CPU
		{DBB15B6C-5272-45EB-B6F9-9F18F39A4A3D}.Release|iPhone.Build.0 = Release|Any CPU
		{DBB15B6C-5272-45EB-B6F9-9F18F39A4A3D}.Release|iPhoneSimulator.ActiveCfg = Release|Any CPU
		{DBB15B6C-5272-45EB-B6F9-9F18F39A4A3D}.Release|iPhoneSimulator.Build.0 = Release|Any CPU
		{DBB15B6C-5272-45EB-B6F9-9F18F39A4A3D}.Release|x64.ActiveCfg = Release|Any CPU
		{DBB15B6C-5272-45EB-B6F9-9F18F39A4A3D}.Release|x64.Build.0 = Release|Any CPU
		{DBB15B6C-5272-45EB-B6F9-9F18F39A4A3D}.Release|x86.ActiveCfg = Release|Any CPU
		{DBB15B6C-5272-45EB-B6F9-9F18F39A4A3D}.Release|x86.Build.0 = Release|Any CPU
	EndGlobalSection
	GlobalSection(SolutionProperties) = preSolution
		HideSolutionNode = FALSE
	EndGlobalSection
	GlobalSection(ExtensibilityGlobals) = postSolution
		SolutionGuid = {D2A78191-8D15-4B7E-A8F4-03CC3F5C8BF7}
	EndGlobalSection
EndGlobal
